
Microsoft Visual Studio Solution File, Format Version 12.00
# Visual Studio Version 17
VisualStudioVersion = 17.10.35122.118
MinimumVisualStudioVersion = 10.0.40219.1
Project("{FAE04EC0-301F-11D3-BF4B-00C04F79EFBC}") = "Az-webApp2", "Az-webApp2.csproj", "{761EAF83-AF77-4473-9EE3-A2E10FF7BCC3}"
EndProject
Global
	GlobalSection(SolutionConfigurationPlatforms) = preSolution
		Debug|Any CPU = Debug|Any CPU
		Release|Any CPU = Release|Any CPU
	EndGlobalSection
	GlobalSection(ProjectConfigurationPlatforms) = postSolution
		{761EAF83-AF77-4473-9EE3-A2E10FF7BCC3}.Debug|Any CPU.ActiveCfg = Debug|Any CPU
		{761EAF83-AF77-4473-9EE3-A2E10FF7BCC3}.Debug|Any CPU.Build.0 = Debug|Any CPU
		{761EAF83-AF77-4473-9EE3-A2E10FF7BCC3}.Release|Any CPU.ActiveCfg = Release|Any CPU
		{761EAF83-AF77-4473-9EE3-A2E10FF7BCC3}.Release|Any CPU.Build.0 = Release|Any CPU
	EndGlobalSection
	GlobalSection(SolutionProperties) = preSolution
		HideSolutionNode = FALSE
	EndGlobalSection
	GlobalSection(ExtensibilityGlobals) = postSolution
		SolutionGuid = {01F7CB95-DC20-4F31-9C0E-32ABED6FDB9F}
	EndGlobalSection
EndGlobal
